
Microsoft Visual Studio Solution File, Format Version 12.00
# Visual Studio Version 17
VisualStudioVersion = 17.4.33103.184
MinimumVisualStudioVersion = 10.0.40219.1
Project("{FAE04EC0-301F-11D3-BF4B-00C04F79EFBC}") = "USRInfo", "USRInfo\USRInfo.csproj", "{C9DBAD11-62FD-43C5-9200-483D173FDBB9}"
EndProject
Global
	GlobalSection(SolutionConfigurationPlatforms) = preSolution
		Debug|Any CPU = Debug|Any CPU
		Release|Any CPU = Release|Any CPU
	EndGlobalSection
	GlobalSection(ProjectConfigurationPlatforms) = postSolution
		{C9DBAD11-62FD-43C5-9200-483D173FDBB9}.Debug|Any CPU.ActiveCfg = Debug|Any CPU
		{C9DBAD11-62FD-43C5-9200-483D173FDBB9}.Debug|Any CPU.Build.0 = Debug|Any CPU
		{C9DBAD11-62FD-43C5-9200-483D173FDBB9}.Release|Any CPU.ActiveCfg = Release|Any CPU
		{C9DBAD11-62FD-43C5-9200-483D173FDBB9}.Release|Any CPU.Build.0 = Release|Any CPU
	EndGlobalSection
	GlobalSection(SolutionProperties) = preSolution
		HideSolutionNode = FALSE
	EndGlobalSection
	GlobalSection(ExtensibilityGlobals) = postSolution
		SolutionGuid = {87A8F5A5-31B7-47DF-A024-2A835FAF4866}
	EndGlobalSection
EndGlobal
